
Microsoft Visual Studio Solution File, Format Version 12.00
# Visual Studio 15
VisualStudioVersion = 15.0.26124.0
MinimumVisualStudioVersion = 15.0.26124.0
Project("{FAE04EC0-301F-11D3-BF4B-00C04F79EFBC}") = "R5T.Solitude.Standard.Construction", "R5T.Solitude.Standard.Construction\R5T.Solitude.Standard.Construction.csproj", "{FE3DBDEE-F2C1-4470-8CE8-5E8ABF3CA681}"
EndProject
Project("{FAE04EC0-301F-11D3-BF4B-00C04F79EFBC}") = "R5T.Solitude.Standard", "R5T.Solitude.Standard\R5T.Solitude.Standard.csproj", "{D70DD4DA-EB1E-4CF1-90F6-0299641EC474}"
EndProject
Project("{FAE04EC0-301F-11D3-BF4B-00C04F79EFBC}") = "R5T.Solitude.Standard.Testing", "R5T.Solitude.Standard.Testing\R5T.Solitude.Standard.Testing.csproj", "{753C8D31-BAAF-46C8-9F51-9135D3B4C369}"
EndProject
Global
	GlobalSection(SolutionConfigurationPlatforms) = preSolution
		Debug|Any CPU = Debug|Any CPU
		Debug|x64 = Debug|x64
		Debug|x86 = Debug|x86
		Release|Any CPU = Release|Any CPU
		Release|x64 = Release|x64
		Release|x86 = Release|x86
	EndGlobalSection
	GlobalSection(SolutionProperties) = preSolution
		HideSolutionNode = FALSE
	EndGlobalSection
	GlobalSection(ProjectConfigurationPlatforms) = postSolution
		{FE3DBDEE-F2C1-4470-8CE8-5E8ABF3CA681}.Debug|Any CPU.ActiveCfg = Debug|Any CPU
		{FE3DBDEE-F2C1-4470-8CE8-5E8ABF3CA681}.Debug|Any CPU.Build.0 = Debug|Any CPU
		{FE3DBDEE-F2C1-4470-8CE8-5E8ABF3CA681}.Debug|x64.ActiveCfg = Debug|Any CPU
		{FE3DBDEE-F2C1-4470-8CE8-5E8ABF3CA681}.Debug|x64.Build.0 = Debug|Any CPU
		{FE3DBDEE-F2C1-4470-8CE8-5E8ABF3CA681}.Debug|x86.ActiveCfg = Debug|Any CPU
		{FE3DBDEE-F2C1-4470-8CE8-5E8ABF3CA681}.Debug|x86.Build.0 = Debug|Any CPU
		{FE3DBDEE-F2C1-4470-8CE8-5E8ABF3CA681}.Release|Any CPU.ActiveCfg = Release|Any CPU
		{FE3DBDEE-F2C1-4470-8CE8-5E8ABF3CA681}.Release|Any CPU.Build.0 = Release|Any CPU
		{FE3DBDEE-F2C1-4470-8CE8-5E8ABF3CA681}.Release|x64.ActiveCfg = Release|Any CPU
		{FE3DBDEE-F2C1-4470-8CE8-5E8ABF3CA681}.Release|x64.Build.0 = Release|Any CPU
		{FE3DBDEE-F2C1-4470-8CE8-5E8ABF3CA681}.Release|x86.ActiveCfg = Release|Any CPU
		{FE3DBDEE-F2C1-4470-8CE8-5E8ABF3CA681}.Release|x86.Build.0 = Release|Any CPU
		{D70DD4DA-EB1E-4CF1-90F6-0299641EC474}.Debug|Any CPU.ActiveCfg = Debug|Any CPU
		{D70DD4DA-EB1E-4CF1-90F6-0299641EC474}.Debug|Any CPU.Build.0 = Debug|Any CPU
		{D70DD4DA-EB1E-4CF1-90F6-0299641EC474}.Debug|x64.ActiveCfg = Debug|Any CPU
		{D70DD4DA-EB1E-4CF1-90F6-0299641EC474}.Debug|x64.Build.0 = Debug|Any CPU
		{D70DD4DA-EB1E-4CF1-90F6-0299641EC474}.Debug|x86.ActiveCfg = Debug|Any CPU
		{D70DD4DA-EB1E-4CF1-90F6-0299641EC474}.Debug|x86.Build.0 = Debug|Any CPU
		{D70DD4DA-EB1E-4CF1-90F6-0299641EC474}.Release|Any CPU.ActiveCfg = Release|Any CPU
		{D70DD4DA-EB1E-4CF1-90F6-0299641EC474}.Release|Any CPU.Build.0 = Release|Any CPU
		{D70DD4DA-EB1E-4CF1-90F6-0299641EC474}.Release|x64.ActiveCfg = Release|Any CPU
		{D70DD4DA-EB1E-4CF1-90F6-0299641EC474}.Release|x64.Build.0 = Release|Any CPU
		{D70DD4DA-EB1E-4CF1-90F6-0299641EC474}.Release|x86.ActiveCfg = Release|Any CPU
		{D70DD4DA-EB1E-4CF1-90F6-0299641EC474}.Release|x86.Build.0 = Release|Any CPU
		{753C8D31-BAAF-46C8-9F51-9135D3B4C369}.Debug|Any CPU.ActiveCfg = Debug|Any CPU
		{753C8D31-BAAF-46C8-9F51-9135D3B4C369}.Debug|Any CPU.Build.0 = Debug|Any CPU
		{753C8D31-BAAF-46C8-9F51-9135D3B4C369}.Debug|x64.ActiveCfg = Debug|Any CPU
		{753C8D31-BAAF-46C8-9F51-9135D3B4C369}.Debug|x64.Build.0 = Debug|Any CPU
		{753C8D31-BAAF-46C8-9F51-9135D3B4C369}.Debug|x86.ActiveCfg = Debug|Any CPU
		{753C8D31-BAAF-46C8-9F51-9135D3B4C369}.Debug|x86.Build.0 = Debug|Any CPU
		{753C8D31-BAAF-46C8-9F51-9135D3B4C369}.Release|Any CPU.ActiveCfg = Release|Any CPU
		{753C8D31-BAAF-46C8-9F51-9135D3B4C369}.Release|Any CPU.Build.0 = Release|Any CPU
		{753C8D31-BAAF-46C8-9F51-9135D3B4C369}.Release|x64.ActiveCfg = Release|Any CPU
		{753C8D31-BAAF-46C8-9F51-9135D3B4C369}.Release|x64.Build.0 = Release|Any CPU
		{753C8D31-BAAF-46C8-9F51-9135D3B4C369}.Release|x86.ActiveCfg = Release|Any CPU
		{753C8D31-BAAF-46C8-9F51-9135D3B4C369}.Release|x86.Build.0 = Release|Any CPU
	EndGlobalSection
EndGlobal
